
Microsoft Visual Studio Solution File, Format Version 12.00
# Visual Studio Version 17
VisualStudioVersion = 17.3.32929.385
MinimumVisualStudioVersion = 10.0.40219.1
Project("{FAE04EC0-301F-11D3-BF4B-00C04F79EFBC}") = "Exec_Factorial", "Exec_Factorial\Exec_Factorial.csproj", "{DB25AE56-E561-4332-B044-0EBA5B2DF67B}"
EndProject
Global
	GlobalSection(SolutionConfigurationPlatforms) = preSolution
		Debug|Any CPU = Debug|Any CPU
		Release|Any CPU = Release|Any CPU
	EndGlobalSection
	GlobalSection(ProjectConfigurationPlatforms) = postSolution
		{DB25AE56-E561-4332-B044-0EBA5B2DF67B}.Debug|Any CPU.ActiveCfg = Debug|Any CPU
		{DB25AE56-E561-4332-B044-0EBA5B2DF67B}.Debug|Any CPU.Build.0 = Debug|Any CPU
		{DB25AE56-E561-4332-B044-0EBA5B2DF67B}.Release|Any CPU.ActiveCfg = Release|Any CPU
		{DB25AE56-E561-4332-B044-0EBA5B2DF67B}.Release|Any CPU.Build.0 = Release|Any CPU
	EndGlobalSection
	GlobalSection(SolutionProperties) = preSolution
		HideSolutionNode = FALSE
	EndGlobalSection
	GlobalSection(ExtensibilityGlobals) = postSolution
		SolutionGuid = {C0FCBAB0-0F54-4F9F-BBCC-93046F74D97E}
	EndGlobalSection
EndGlobal
